
Microsoft Visual Studio Solution File, Format Version 12.00
# Visual Studio 15
VisualStudioVersion = 15.0.28010.2046
MinimumVisualStudioVersion = 10.0.40219.1
Project("{8BC9CEB8-8B4A-11D0-8D11-00A0C91BC942}") = "MFCApplication1", "MFCApplication1\MFCApplication1.vcxproj", "{45A63576-3ACD-4C0F-94AE-EE186E11BB24}"
EndProject
Global
	GlobalSection(SolutionConfigurationPlatforms) = preSolution
		Debug|x64 = Debug|x64
		Debug|x86 = Debug|x86
		Release|x64 = Release|x64
		Release|x86 = Release|x86
	EndGlobalSection
	GlobalSection(ProjectConfigurationPlatforms) = postSolution
		{45A63576-3ACD-4C0F-94AE-EE186E11BB24}.Debug|x64.ActiveCfg = Debug|x64
		{45A63576-3ACD-4C0F-94AE-EE186E11BB24}.Debug|x64.Build.0 = Debug|x64
		{45A63576-3ACD-4C0F-94AE-EE186E11BB24}.Debug|x86.ActiveCfg = Debug|Win32
		{45A63576-3ACD-4C0F-94AE-EE186E11BB24}.Debug|x86.Build.0 = Debug|Win32
		{45A63576-3ACD-4C0F-94AE-EE186E11BB24}.Release|x64.ActiveCfg = Release|x64
		{45A63576-3ACD-4C0F-94AE-EE186E11BB24}.Release|x64.Build.0 = Release|x64
		{45A63576-3ACD-4C0F-94AE-EE186E11BB24}.Release|x86.ActiveCfg = Release|Win32
		{45A63576-3ACD-4C0F-94AE-EE186E11BB24}.Release|x86.Build.0 = Release|Win32
	EndGlobalSection
	GlobalSection(SolutionProperties) = preSolution
		HideSolutionNode = FALSE
	EndGlobalSection
	GlobalSection(ExtensibilityGlobals) = postSolution
		SolutionGuid = {7C8C0B46-46B8-4675-BCE2-B5F9D6B4A37B}
	EndGlobalSection
EndGlobal
